// !$*UTF8*$!
{
	archiveVersion = 1;
	classes = {
	};
	objectVersion = 77;
	objects = {

/* Begin PBXBuildFile section */
		3DC6BB622F5142FC00A187AC /* AutomationStore.swift in Sources */ = {isa = PBXBuildFile; fileRef = 3DC6BB5E2F5142FC00A187AC /* AutomationStore.swift */; };
		3DC6BB632F5142FC00A187AC /* AppDelegate.swift in Sources */ = {isa = PBXBuildFile; fileRef = 3DC6BB5D2F5142FC00A187AC /* AppDelegate.swift */; };
		3DC6BB642F5142FC00A187AC /* AutomationModels.swift in Sources */ = {isa = PBXBuildFile; fileRef = 3DC6BB602F5142FC00A187AC /* AutomationModels.swift */; };
		3DC6BB652F5142FC00A187AC /* HomeKitAutomatorApp.swift in Sources */ = {isa = PBXBuildFile; fileRef = 3DC6BB5F2F5142FC00A187AC /* HomeKitAutomatorApp.swift */; };
		3DC6BB692F51430400A187AC /* AutomationListItem.swift in Sources */ = {isa = PBXBuildFile; fileRef = 3DC6BB662F51430400A187AC /* AutomationListItem.swift */; };
		3DC6BB6A2F51430400A187AC /* LogEntryRow.swift in Sources */ = {isa = PBXBuildFile; fileRef = 3DC6BB672F51430400A187AC /* LogEntryRow.swift */; };
		3DC6BB6E2F51431000A187AC /* SettingsView.swift in Sources */ = {isa = PBXBuildFile; fileRef = 3DC6BB6C2F51431000A187AC /* SettingsView.swift */; };
		3DC6BB6F2F51431000A187AC /* AppSettings.swift in Sources */ = {isa = PBXBuildFile; fileRef = 3DC6BB6B2F51431000A187AC /* AppSettings.swift */; };
		3DC6BB722F51431600A187AC /* HelperManager.swift in Sources */ = {isa = PBXBuildFile; fileRef = 3DC6BB702F51431600A187AC /* HelperManager.swift */; };
		3DC6BB782F51432100A187AC /* AnyCodableValue.swift in Sources */ = {isa = PBXBuildFile; fileRef = 3DC6BB742F51432100A187AC /* AnyCodableValue.swift */; };
		3DC6BB792F51432100A187AC /* SocketConstants.swift in Sources */ = {isa = PBXBuildFile; fileRef = 3DC6BB762F51432100A187AC /* SocketConstants.swift */; };
		3DC6BB7E2F51432700A187AC /* HistoryView.swift in Sources */ = {isa = PBXBuildFile; fileRef = 3DC6BB7C2F51432700A187AC /* HistoryView.swift */; };
		3DC6BB7F2F51432700A187AC /* DashboardView.swift in Sources */ = {isa = PBXBuildFile; fileRef = 3DC6BB7B2F51432700A187AC /* DashboardView.swift */; };
		3DC6BB822F51432D00A187AC /* HomeKit Automator.app in Resources */ = {isa = PBXBuildFile; fileRef = 3DC6BB802F51432D00A187AC /* HomeKit Automator.app */; };
/* End PBXBuildFile section */

/* Begin PBXContainerItemProxy section */
		3DC6BB412F51426000A187AC /* PBXContainerItemProxy */ = {
			isa = PBXContainerItemProxy;
			containerPortal = 3DC6BB292F51425F00A187AC /* Project object */;
			proxyType = 1;
			remoteGlobalIDString = 3DC6BB302F51425F00A187AC;
			remoteInfo = "HomeKit Automator";
		};
		3DC6BB4B2F51426000A187AC /* PBXContainerItemProxy */ = {
			isa = PBXContainerItemProxy;
			containerPortal = 3DC6BB292F51425F00A187AC /* Project object */;
			proxyType = 1;
			remoteGlobalIDString = 3DC6BB302F51425F00A187AC;
			remoteInfo = "HomeKit Automator";
		};
/* End PBXContainerItemProxy section */

/* Begin PBXFileReference section */
		3DC6BB312F51425F00A187AC /* HomeKit Automator.app */ = {isa = PBXFileReference; explicitFileType = wrapper.application; includeInIndex = 0; path = "HomeKit Automator.app"; sourceTree = BUILT_PRODUCTS_DIR; };
		3DC6BB402F51426000A187AC /* HomeKit AutomatorTests.xctest */ = {isa = PBXFileReference; explicitFileType = wrapper.cfbundle; includeInIndex = 0; path = "HomeKit AutomatorTests.xctest"; sourceTree = BUILT_PRODUCTS_DIR; };
		3DC6BB4A2F51426000A187AC /* HomeKit AutomatorUITests.xctest */ = {isa = PBXFileReference; explicitFileType = wrapper.cfbundle; includeInIndex = 0; path = "HomeKit AutomatorUITests.xctest"; sourceTree = BUILT_PRODUCTS_DIR; };
		3DC6BB5D2F5142FC00A187AC /* AppDelegate.swift */ = {isa = PBXFileReference; lastKnownFileType = sourcecode.swift; path = AppDelegate.swift; sourceTree = "<group>"; };
		3DC6BB5E2F5142FC00A187AC /* AutomationStore.swift */ = {isa = PBXFileReference; lastKnownFileType = sourcecode.swift; path = AutomationStore.swift; sourceTree = "<group>"; };
		3DC6BB5F2F5142FC00A187AC /* HomeKitAutomatorApp.swift */ = {isa = PBXFileReference; lastKnownFileType = sourcecode.swift; path = HomeKitAutomatorApp.swift; sourceTree = "<group>"; };
		3DC6BB602F5142FC00A187AC /* AutomationModels.swift */ = {isa = PBXFileReference; lastKnownFileType = sourcecode.swift; path = AutomationModels.swift; sourceTree = "<group>"; };
		3DC6BB662F51430400A187AC /* AutomationListItem.swift */ = {isa = PBXFileReference; lastKnownFileType = sourcecode.swift; path = AutomationListItem.swift; sourceTree = "<group>"; };
		3DC6BB672F51430400A187AC /* LogEntryRow.swift */ = {isa = PBXFileReference; lastKnownFileType = sourcecode.swift; path = LogEntryRow.swift; sourceTree = "<group>"; };
		3DC6BB6B2F51431000A187AC /* AppSettings.swift */ = {isa = PBXFileReference; lastKnownFileType = sourcecode.swift; path = AppSettings.swift; sourceTree = "<group>"; };
		3DC6BB6C2F51431000A187AC /* SettingsView.swift */ = {isa = PBXFileReference; lastKnownFileType = sourcecode.swift; path = SettingsView.swift; sourceTree = "<group>"; };
		3DC6BB702F51431600A187AC /* HelperManager.swift */ = {isa = PBXFileReference; lastKnownFileType = sourcecode.swift; path = HelperManager.swift; sourceTree = "<group>"; };
		3DC6BB742F51432100A187AC /* AnyCodableValue.swift */ = {isa = PBXFileReference; lastKnownFileType = sourcecode.swift; path = AnyCodableValue.swift; sourceTree = "<group>"; };
		3DC6BB762F51432100A187AC /* SocketConstants.swift */ = {isa = PBXFileReference; lastKnownFileType = sourcecode.swift; path = SocketConstants.swift; sourceTree = "<group>"; };
		3DC6BB7B2F51432700A187AC /* DashboardView.swift */ = {isa = PBXFileReference; lastKnownFileType = sourcecode.swift; path = DashboardView.swift; sourceTree = "<group>"; };
		3DC6BB7C2F51432700A187AC /* HistoryView.swift */ = {isa = PBXFileReference; lastKnownFileType = sourcecode.swift; path = HistoryView.swift; sourceTree = "<group>"; };
		3DC6BB802F51432D00A187AC /* HomeKit Automator.app */ = {isa = PBXFileReference; lastKnownFileType = wrapper.application; name = "HomeKit Automator.app"; path = "../../../../HomeKitAutomator-bshbmozhwqlyjqckkfgrxlwcwtyu/Build/Products/Debug/HomeKit Automator.app"; sourceTree = BUILT_PRODUCTS_DIR; };
/* End PBXFileReference section */

/* Begin PBXFileSystemSynchronizedRootGroup section */
		3DC6BB332F51425F00A187AC /* HomeKit Automator */ = {
			isa = PBXFileSystemSynchronizedRootGroup;
			path = "HomeKit Automator";
			sourceTree = "<group>";
		};
		3DC6BB432F51426000A187AC /* HomeKit AutomatorTests */ = {
			isa = PBXFileSystemSynchronizedRootGroup;
			path = "HomeKit AutomatorTests";
			sourceTree = "<group>";
		};
		3DC6BB4D2F51426000A187AC /* HomeKit AutomatorUITests */ = {
			isa = PBXFileSystemSynchronizedRootGroup;
			path = "HomeKit AutomatorUITests";
			sourceTree = "<group>";
		};
/* End PBXFileSystemSynchronizedRootGroup section */

/* Begin PBXFrameworksBuildPhase section */
		3DC6BB2E2F51425F00A187AC /* Frameworks */ = {
			isa = PBXFrameworksBuildPhase;
			buildActionMask = 2147483647;
			files = (
			);
			runOnlyForDeploymentPostprocessing = 0;
		};
		3DC6BB3D2F51426000A187AC /* Frameworks */ = {
			isa = PBXFrameworksBuildPhase;
			buildActionMask = 2147483647;
			files = (
			);
			runOnlyForDeploymentPostprocessing = 0;
		};
		3DC6BB472F51426000A187AC /* Frameworks */ = {
			isa = PBXFrameworksBuildPhase;
			buildActionMask = 2147483647;
			files = (
			);
			runOnlyForDeploymentPostprocessing = 0;
		};
/* End PBXFrameworksBuildPhase section */

/* Begin PBXGroup section */
		3DC6BB282F51425F00A187AC = {
			isa = PBXGroup;
			children = (
				3DC6BB332F51425F00A187AC /* HomeKit Automator */,
				3DC6BB432F51426000A187AC /* HomeKit AutomatorTests */,
				3DC6BB4D2F51426000A187AC /* HomeKit AutomatorUITests */,
				3DC6BB322F51425F00A187AC /* Products */,
				3DC6BB612F5142FC00A187AC /* App */,
				3DC6BB682F51430400A187AC /* Automation */,
				3DC6BB6D2F51431000A187AC /* Config */,
				3DC6BB712F51431600A187AC /* HomeKit */,
				3DC6BB732F51431C00A187AC /* HomeKitAutomator */,
				3DC6BB772F51432100A187AC /* HomeKitCore */,
				3DC6BB7D2F51432700A187AC /* Views */,
				3DC6BB812F51432D00A187AC /* Products */,
			);
			sourceTree = "<group>";
		};
		3DC6BB322F51425F00A187AC /* Products */ = {
			isa = PBXGroup;
			children = (
				3DC6BB312F51425F00A187AC /* HomeKit Automator.app */,
				3DC6BB402F51426000A187AC /* HomeKit AutomatorTests.xctest */,
				3DC6BB4A2F51426000A187AC /* HomeKit AutomatorUITests.xctest */,
			);
			name = Products;
			sourceTree = "<group>";
		};
		3DC6BB612F5142FC00A187AC /* App */ = {
			isa = PBXGroup;
			children = (
				3DC6BB5D2F5142FC00A187AC /* AppDelegate.swift */,
				3DC6BB5E2F5142FC00A187AC /* AutomationStore.swift */,
				3DC6BB5F2F5142FC00A187AC /* HomeKitAutomatorApp.swift */,
				3DC6BB602F5142FC00A187AC /* AutomationModels.swift */,
			);
			path = App;
			sourceTree = "<group>";
		};
		3DC6BB682F51430400A187AC /* Automation */ = {
			isa = PBXGroup;
			children = (
				3DC6BB662F51430400A187AC /* AutomationListItem.swift */,
				3DC6BB672F51430400A187AC /* LogEntryRow.swift */,
			);
			path = Automation;
			sourceTree = "<group>";
		};
		3DC6BB6D2F51431000A187AC /* Config */ = {
			isa = PBXGroup;
			children = (
				3DC6BB6B2F51431000A187AC /* AppSettings.swift */,
				3DC6BB6C2F51431000A187AC /* SettingsView.swift */,
			);
			path = Config;
			sourceTree = "<group>";
		};
		3DC6BB712F51431600A187AC /* HomeKit */ = {
			isa = PBXGroup;
			children = (
				3DC6BB702F51431600A187AC /* HelperManager.swift */,
			);
			path = HomeKit;
			sourceTree = "<group>";
		};
		3DC6BB732F51431C00A187AC /* HomeKitAutomator */ = {
			isa = PBXGroup;
			children = (
			);
			name = HomeKitAutomator;
			path = ../scripts/swift/Sources/HomeKitAutomator;
			sourceTree = "<group>";
		};
		3DC6BB772F51432100A187AC /* HomeKitCore */ = {
			isa = PBXGroup;
			children = (
				3DC6BB742F51432100A187AC /* AnyCodableValue.swift */,
				3DC6BB762F51432100A187AC /* SocketConstants.swift */,
			);
			name = HomeKitCore;
			path = ../scripts/swift/Sources/HomeKitCore;
			sourceTree = "<group>";
		};
		3DC6BB7D2F51432700A187AC /* Views */ = {
			isa = PBXGroup;
			children = (
				3DC6BB7B2F51432700A187AC /* DashboardView.swift */,
				3DC6BB7C2F51432700A187AC /* HistoryView.swift */,
			);
			path = Views;
			sourceTree = "<group>";
		};
		3DC6BB812F51432D00A187AC /* Products */ = {
			isa = PBXGroup;
			children = (
				3DC6BB802F51432D00A187AC /* HomeKit Automator.app */,
			);
			name = Products;
			sourceTree = "<group>";
		};
/* End PBXGroup section */

/* Begin PBXNativeTarget section */
		3DC6BB302F51425F00A187AC /* HomeKit Automator */ = {
			isa = PBXNativeTarget;
			buildConfigurationList = 3DC6BB542F51426000A187AC /* Build configuration list for PBXNativeTarget "HomeKit Automator" */;
			buildPhases = (
				3DC6BB2D2F51425F00A187AC /* Sources */,
				3DC6BB2E2F51425F00A187AC /* Frameworks */,
				3DC6BB2F2F51425F00A187AC /* Resources */,
			);
			buildRules = (
			);
			dependencies = (
			);
			fileSystemSynchronizedGroups = (
				3DC6BB332F51425F00A187AC /* HomeKit Automator */,
			);
			name = "HomeKit Automator";
			packageProductDependencies = (
			);
			productName = "HomeKit Automator";
			productReference = 3DC6BB312F51425F00A187AC /* HomeKit Automator.app */;
			productType = "com.apple.product-type.application";
		};
		3DC6BB3F2F51426000A187AC /* HomeKit AutomatorTests */ = {
			isa = PBXNativeTarget;
			buildConfigurationList = 3DC6BB572F51426000A187AC /* Build configuration list for PBXNativeTarget "HomeKit AutomatorTests" */;
			buildPhases = (
				3DC6BB3C2F51426000A187AC /* Sources */,
				3DC6BB3D2F51426000A187AC /* Frameworks */,
				3DC6BB3E2F51426000A187AC /* Resources */,
			);
			buildRules = (
			);
			dependencies = (
				3DC6BB422F51426000A187AC /* PBXTargetDependency */,
			);
			fileSystemSynchronizedGroups = (
				3DC6BB432F51426000A187AC /* HomeKit AutomatorTests */,
			);
			name = "HomeKit AutomatorTests";
			packageProductDependencies = (
			);
			productName = "HomeKit AutomatorTests";
			productReference = 3DC6BB402F51426000A187AC /* HomeKit AutomatorTests.xctest */;
			productType = "com.apple.product-type.bundle.unit-test";
		};
		3DC6BB492F51426000A187AC /* HomeKit AutomatorUITests */ = {
			isa = PBXNativeTarget;
			buildConfigurationList = 3DC6BB5A2F51426000A187AC /* Build configuration list for PBXNativeTarget "HomeKit AutomatorUITests" */;
			buildPhases = (
				3DC6BB462F51426000A187AC /* Sources */,
				3DC6BB472F51426000A187AC /* Frameworks */,
				3DC6BB482F51426000A187AC /* Resources */,
			);
			buildRules = (
			);
			dependencies = (
				3DC6BB4C2F51426000A187AC /* PBXTargetDependency */,
			);
			fileSystemSynchronizedGroups = (
				3DC6BB4D2F51426000A187AC /* HomeKit AutomatorUITests */,
			);
			name = "HomeKit AutomatorUITests";
			packageProductDependencies = (
			);
			productName = "HomeKit AutomatorUITests";
			productReference = 3DC6BB4A2F51426000A187AC /* HomeKit AutomatorUITests.xctest */;
			productType = "com.apple.product-type.bundle.ui-testing";
		};
/* End PBXNativeTarget section */

/* Begin PBXProject section */
		3DC6BB292F51425F00A187AC /* Project object */ = {
			isa = PBXProject;
			attributes = {
				BuildIndependentTargetsInParallel = 1;
				LastSwiftUpdateCheck = 2620;
				LastUpgradeCheck = 2620;
				TargetAttributes = {
					3DC6BB302F51425F00A187AC = {
						CreatedOnToolsVersion = 26.2;
					};
					3DC6BB3F2F51426000A187AC = {
						CreatedOnToolsVersion = 26.2;
						TestTargetID = 3DC6BB302F51425F00A187AC;
					};
					3DC6BB492F51426000A187AC = {
						CreatedOnToolsVersion = 26.2;
						TestTargetID = 3DC6BB302F51425F00A187AC;
					};
				};
			};
			buildConfigurationList = 3DC6BB2C2F51425F00A187AC /* Build configuration list for PBXProject "HomeKit Automator" */;
			developmentRegion = en;
			hasScannedForEncodings = 0;
			knownRegions = (
				en,
				Base,
			);
			mainGroup = 3DC6BB282F51425F00A187AC;
			minimizedProjectReferenceProxies = 1;
			preferredProjectObjectVersion = 77;
			productRefGroup = 3DC6BB322F51425F00A187AC /* Products */;
			projectDirPath = "";
			projectRoot = "";
			targets = (
				3DC6BB302F51425F00A187AC /* HomeKit Automator */,
				3DC6BB3F2F51426000A187AC /* HomeKit AutomatorTests */,
				3DC6BB492F51426000A187AC /* HomeKit AutomatorUITests */,
			);
		};
/* End PBXProject section */

/* Begin PBXResourcesBuildPhase section */
		3DC6BB2F2F51425F00A187AC /* Resources */ = {
			isa = PBXResourcesBuildPhase;
			buildActionMask = 2147483647;
			files = (
				3DC6BB822F51432D00A187AC /* HomeKit Automator.app in Resources */,
			);
			runOnlyForDeploymentPostprocessing = 0;
		};
		3DC6BB3E2F51426000A187AC /* Resources */ = {
			isa = PBXResourcesBuildPhase;
			buildActionMask = 2147483647;
			files = (
			);
			runOnlyForDeploymentPostprocessing = 0;
		};
		3DC6BB482F51426000A187AC /* Resources */ = {
			isa = PBXResourcesBuildPhase;
			buildActionMask = 2147483647;
			files = (
			);
			runOnlyForDeploymentPostprocessing = 0;
		};
/* End PBXResourcesBuildPhase section */

/* Begin PBXSourcesBuildPhase section */
		3DC6BB2D2F51425F00A187AC /* Sources */ = {
			isa = PBXSourcesBuildPhase;
			buildActionMask = 2147483647;
			files = (
				3DC6BB622F5142FC00A187AC /* AutomationStore.swift in Sources */,
				3DC6BB632F5142FC00A187AC /* AppDelegate.swift in Sources */,
				3DC6BB642F5142FC00A187AC /* AutomationModels.swift in Sources */,
				3DC6BB652F5142FC00A187AC /* HomeKitAutomatorApp.swift in Sources */,
				3DC6BB692F51430400A187AC /* AutomationListItem.swift in Sources */,
				3DC6BB6A2F51430400A187AC /* LogEntryRow.swift in Sources */,
				3DC6BB722F51431600A187AC /* HelperManager.swift in Sources */,
				3DC6BB7E2F51432700A187AC /* HistoryView.swift in Sources */,
				3DC6BB7F2F51432700A187AC /* DashboardView.swift in Sources */,
				3DC6BB6E2F51431000A187AC /* SettingsView.swift in Sources */,
				3DC6BB782F51432100A187AC /* AnyCodableValue.swift in Sources */,
				3DC6BB792F51432100A187AC /* SocketConstants.swift in Sources */,
				3DC6BB6F2F51431000A187AC /* AppSettings.swift in Sources */,
			);
			runOnlyForDeploymentPostprocessing = 0;
		};
		3DC6BB3C2F51426000A187AC /* Sources */ = {
			isa = PBXSourcesBuildPhase;
			buildActionMask = 2147483647;
			files = (
			);
			runOnlyForDeploymentPostprocessing = 0;
		};
		3DC6BB462F51426000A187AC /* Sources */ = {
			isa = PBXSourcesBuildPhase;
			buildActionMask = 2147483647;
			files = (
			);
			runOnlyForDeploymentPostprocessing = 0;
		};
/* End PBXSourcesBuildPhase section */

/* Begin PBXTargetDependency section */
		3DC6BB422F51426000A187AC /* PBXTargetDependency */ = {
			isa = PBXTargetDependency;
			target = 3DC6BB302F51425F00A187AC /* HomeKit Automator */;
			targetProxy = 3DC6BB412F51426000A187AC /* PBXContainerItemProxy */;
		};
		3DC6BB4C2F51426000A187AC /* PBXTargetDependency */ = {
			isa = PBXTargetDependency;
			target = 3DC6BB302F51425F00A187AC /* HomeKit Automator */;
			targetProxy = 3DC6BB4B2F51426000A187AC /* PBXContainerItemProxy */;
		};
/* End PBXTargetDependency section */

/* Begin XCBuildConfiguration section */
		3DC6BB522F51426000A187AC /* Debug */ = {
			isa = XCBuildConfiguration;
			buildSettings = {
				ALWAYS_SEARCH_USER_PATHS = NO;
				ASSETCATALOG_COMPILER_GENERATE_SWIFT_ASSET_SYMBOL_EXTENSIONS = YES;
				CLANG_ANALYZER_NONNULL = YES;
				CLANG_ANALYZER_NUMBER_OBJECT_CONVERSION = YES_AGGRESSIVE;
				CLANG_CXX_LANGUAGE_STANDARD = "gnu++20";
				CLANG_ENABLE_MODULES = YES;
				CLANG_ENABLE_OBJC_ARC = YES;
				CLANG_ENABLE_OBJC_WEAK = YES;
				CLANG_WARN_BLOCK_CAPTURE_AUTORELEASING = YES;
				CLANG_WARN_BOOL_CONVERSION = YES;
				CLANG_WARN_COMMA = YES;
				CLANG_WARN_CONSTANT_CONVERSION = YES;
				CLANG_WARN_DEPRECATED_OBJC_IMPLEMENTATIONS = YES;
				CLANG_WARN_DIRECT_OBJC_ISA_USAGE = YES_ERROR;
				CLANG_WARN_DOCUMENTATION_COMMENTS = YES;
				CLANG_WARN_EMPTY_BODY = YES;
				CLANG_WARN_ENUM_CONVERSION = YES;
				CLANG_WARN_INFINITE_RECURSION = YES;
				CLANG_WARN_INT_CONVERSION = YES;
				CLANG_WARN_NON_LITERAL_NULL_CONVERSION = YES;
				CLANG_WARN_OBJC_IMPLICIT_RETAIN_SELF = YES;
				CLANG_WARN_OBJC_LITERAL_CONVERSION = YES;
				CLANG_WARN_OBJC_ROOT_CLASS = YES_ERROR;
				CLANG_WARN_QUOTED_INCLUDE_IN_FRAMEWORK_HEADER = YES;
				CLANG_WARN_RANGE_LOOP_ANALYSIS = YES;
				CLANG_WARN_STRICT_PROTOTYPES = YES;
				CLANG_WARN_SUSPICIOUS_MOVE = YES;
				CLANG_WARN_UNGUARDED_AVAILABILITY = YES_AGGRESSIVE;
				CLANG_WARN_UNREACHABLE_CODE = YES;
				CLANG_WARN__DUPLICATE_METHOD_MATCH = YES;
				COPY_PHASE_STRIP = NO;
				DEBUG_INFORMATION_FORMAT = dwarf;
				DEVELOPMENT_TEAM = C8U3P6AJ6L;
				ENABLE_STRICT_OBJC_MSGSEND = YES;
				ENABLE_TESTABILITY = YES;
				ENABLE_USER_SCRIPT_SANDBOXING = YES;
				GCC_C_LANGUAGE_STANDARD = gnu17;
				GCC_DYNAMIC_NO_PIC = NO;
				GCC_NO_COMMON_BLOCKS = YES;
				GCC_OPTIMIZATION_LEVEL = 0;
				GCC_PREPROCESSOR_DEFINITIONS = (
					"DEBUG=1",
					"$(inherited)",
				);
				GCC_WARN_64_TO_32_BIT_CONVERSION = YES;
				GCC_WARN_ABOUT_RETURN_TYPE = YES_ERROR;
				GCC_WARN_UNDECLARED_SELECTOR = YES;
				GCC_WARN_UNINITIALIZED_AUTOS = YES_AGGRESSIVE;
				GCC_WARN_UNUSED_FUNCTION = YES;
				GCC_WARN_UNUSED_VARIABLE = YES;
				LOCALIZATION_PREFERS_STRING_CATALOGS = YES;
				MACOSX_DEPLOYMENT_TARGET = 26.2;
				MTL_ENABLE_DEBUG_INFO = INCLUDE_SOURCE;
				MTL_FAST_MATH = YES;
				ONLY_ACTIVE_ARCH = YES;
				SDKROOT = macosx;
				SWIFT_ACTIVE_COMPILATION_CONDITIONS = "DEBUG $(inherited)";
				SWIFT_OPTIMIZATION_LEVEL = "-Onone";
			};
			name = Debug;
		};
		3DC6BB532F51426000A187AC /* Release */ = {
			isa = XCBuildConfiguration;
			buildSettings = {
				ALWAYS_SEARCH_USER_PATHS = NO;
				ASSETCATALOG_COMPILER_GENERATE_SWIFT_ASSET_SYMBOL_EXTENSIONS = YES;
				CLANG_ANALYZER_NONNULL = YES;
				CLANG_ANALYZER_NUMBER_OBJECT_CONVERSION = YES_AGGRESSIVE;
				CLANG_CXX_LANGUAGE_STANDARD = "gnu++20";
				CLANG_ENABLE_MODULES = YES;
				CLANG_ENABLE_OBJC_ARC = YES;
				CLANG_ENABLE_OBJC_WEAK = YES;
				CLANG_WARN_BLOCK_CAPTURE_AUTORELEASING = YES;
				CLANG_WARN_BOOL_CONVERSION = YES;
				CLANG_WARN_COMMA = YES;
				CLANG_WARN_CONSTANT_CONVERSION = YES;
				CLANG_WARN_DEPRECATED_OBJC_IMPLEMENTATIONS = YES;
				CLANG_WARN_DIRECT_OBJC_ISA_USAGE = YES_ERROR;
				CLANG_WARN_DOCUMENTATION_COMMENTS = YES;
				CLANG_WARN_EMPTY_BODY = YES;
				CLANG_WARN_ENUM_CONVERSION = YES;
				CLANG_WARN_INFINITE_RECURSION = YES;
				CLANG_WARN_INT_CONVERSION = YES;
				CLANG_WARN_NON_LITERAL_NULL_CONVERSION = YES;
				CLANG_WARN_OBJC_IMPLICIT_RETAIN_SELF = YES;
				CLANG_WARN_OBJC_LITERAL_CONVERSION = YES;
				CLANG_WARN_OBJC_ROOT_CLASS = YES_ERROR;
				CLANG_WARN_QUOTED_INCLUDE_IN_FRAMEWORK_HEADER = YES;
				CLANG_WARN_RANGE_LOOP_ANALYSIS = YES;
				CLANG_WARN_STRICT_PROTOTYPES = YES;
				CLANG_WARN_SUSPICIOUS_MOVE = YES;
				CLANG_WARN_UNGUARDED_AVAILABILITY = YES_AGGRESSIVE;
				CLANG_WARN_UNREACHABLE_CODE = YES;
				CLANG_WARN__DUPLICATE_METHOD_MATCH = YES;
				COPY_PHASE_STRIP = NO;
				DEBUG_INFORMATION_FORMAT = "dwarf-with-dsym";
				DEVELOPMENT_TEAM = C8U3P6AJ6L;
				ENABLE_NS_ASSERTIONS = NO;
				ENABLE_STRICT_OBJC_MSGSEND = YES;
				ENABLE_USER_SCRIPT_SANDBOXING = YES;
				GCC_C_LANGUAGE_STANDARD = gnu17;
				GCC_NO_COMMON_BLOCKS = YES;
				GCC_WARN_64_TO_32_BIT_CONVERSION = YES;
				GCC_WARN_ABOUT_RETURN_TYPE = YES_ERROR;
				GCC_WARN_UNDECLARED_SELECTOR = YES;
				GCC_WARN_UNINITIALIZED_AUTOS = YES_AGGRESSIVE;
				GCC_WARN_UNUSED_FUNCTION = YES;
				GCC_WARN_UNUSED_VARIABLE = YES;
				LOCALIZATION_PREFERS_STRING_CATALOGS = YES;
				MACOSX_DEPLOYMENT_TARGET = 26.2;
				MTL_ENABLE_DEBUG_INFO = NO;
				MTL_FAST_MATH = YES;
				SDKROOT = macosx;
				SWIFT_COMPILATION_MODE = wholemodule;
			};
			name = Release;
		};
		3DC6BB552F51426000A187AC /* Debug */ = {
			isa = XCBuildConfiguration;
			buildSettings = {
				ASSETCATALOG_COMPILER_APPICON_NAME = AppIcon;
				ASSETCATALOG_COMPILER_GLOBAL_ACCENT_COLOR_NAME = AccentColor;
				CODE_SIGN_STYLE = Automatic;
				COMBINE_HIDPI_IMAGES = YES;
				CURRENT_PROJECT_VERSION = 1;
				DEVELOPMENT_TEAM = C8U3P6AJ6L;
				ENABLE_APP_SANDBOX = YES;
				ENABLE_HARDENED_RUNTIME = YES;
				ENABLE_PREVIEWS = YES;
				ENABLE_USER_SELECTED_FILES = readonly;
				GENERATE_INFOPLIST_FILE = YES;
				INFOPLIST_KEY_NSHumanReadableCopyright = "";
				LD_RUNPATH_SEARCH_PATHS = (
					"$(inherited)",
					"@executable_path/../Frameworks",
				);
				MARKETING_VERSION = 1.0;
				PRODUCT_BUNDLE_IDENTIFIER = "dev.andernet.HomeKit-Automator";
				PRODUCT_NAME = "$(TARGET_NAME)";
				REGISTER_APP_GROUPS = YES;
				STRING_CATALOG_GENERATE_SYMBOLS = YES;
				SWIFT_APPROACHABLE_CONCURRENCY = YES;
				SWIFT_DEFAULT_ACTOR_ISOLATION = MainActor;
				SWIFT_EMIT_LOC_STRINGS = YES;
				SWIFT_UPCOMING_FEATURE_MEMBER_IMPORT_VISIBILITY = YES;
				SWIFT_VERSION = 5.0;
			};
			name = Debug;
		};
		3DC6BB562F51426000A187AC /* Release */ = {
			isa = XCBuildConfiguration;
			buildSettings = {
				ASSETCATALOG_COMPILER_APPICON_NAME = AppIcon;
				ASSETCATALOG_COMPILER_GLOBAL_ACCENT_COLOR_NAME = AccentColor;
				CODE_SIGN_STYLE = Automatic;
				COMBINE_HIDPI_IMAGES = YES;
				CURRENT_PROJECT_VERSION = 1;
				DEVELOPMENT_TEAM = C8U3P6AJ6L;
				ENABLE_APP_SANDBOX = YES;
				ENABLE_HARDENED_RUNTIME = YES;
				ENABLE_PREVIEWS = YES;
				ENABLE_USER_SELECTED_FILES = readonly;
				GENERATE_INFOPLIST_FILE = YES;
				INFOPLIST_KEY_NSHumanReadableCopyright = "";
				LD_RUNPATH_SEARCH_PATHS = (
					"$(inherited)",
					"@executable_path/../Frameworks",
				);
				MARKETING_VERSION = 1.0;
				PRODUCT_BUNDLE_IDENTIFIER = "dev.andernet.HomeKit-Automator";
				PRODUCT_NAME = "$(TARGET_NAME)";
				REGISTER_APP_GROUPS = YES;
				STRING_CATALOG_GENERATE_SYMBOLS = YES;
				SWIFT_APPROACHABLE_CONCURRENCY = YES;
				SWIFT_DEFAULT_ACTOR_ISOLATION = MainActor;
				SWIFT_EMIT_LOC_STRINGS = YES;
				SWIFT_UPCOMING_FEATURE_MEMBER_IMPORT_VISIBILITY = YES;
				SWIFT_VERSION = 5.0;
			};
			name = Release;
		};
		3DC6BB582F51426000A187AC /* Debug */ = {
			isa = XCBuildConfiguration;
			buildSettings = {
				BUNDLE_LOADER = "$(TEST_HOST)";
				CODE_SIGN_STYLE = Automatic;
				CURRENT_PROJECT_VERSION = 1;
				DEVELOPMENT_TEAM = C8U3P6AJ6L;
				GENERATE_INFOPLIST_FILE = YES;
				MACOSX_DEPLOYMENT_TARGET = 26.2;
				MARKETING_VERSION = 1.0;
				PRODUCT_BUNDLE_IDENTIFIER = "dev.andernet.HomeKit-AutomatorTests";
				PRODUCT_NAME = "$(TARGET_NAME)";
				STRING_CATALOG_GENERATE_SYMBOLS = NO;
				SWIFT_APPROACHABLE_CONCURRENCY = YES;
				SWIFT_EMIT_LOC_STRINGS = NO;
				SWIFT_UPCOMING_FEATURE_MEMBER_IMPORT_VISIBILITY = YES;
				SWIFT_VERSION = 5.0;
				TEST_HOST = "$(BUILT_PRODUCTS_DIR)/HomeKit Automator.app/$(BUNDLE_EXECUTABLE_FOLDER_PATH)/HomeKit Automator";
			};
			name = Debug;
		};
		3DC6BB592F51426000A187AC /* Release */ = {
			isa = XCBuildConfiguration;
			buildSettings = {
				BUNDLE_LOADER = "$(TEST_HOST)";
				CODE_SIGN_STYLE = Automatic;
				CURRENT_PROJECT_VERSION = 1;
				DEVELOPMENT_TEAM = C8U3P6AJ6L;
				GENERATE_INFOPLIST_FILE = YES;
				MACOSX_DEPLOYMENT_TARGET = 26.2;
				MARKETING_VERSION = 1.0;
				PRODUCT_BUNDLE_IDENTIFIER = "dev.andernet.HomeKit-AutomatorTests";
				PRODUCT_NAME = "$(TARGET_NAME)";
				STRING_CATALOG_GENERATE_SYMBOLS = NO;
				SWIFT_APPROACHABLE_CONCURRENCY = YES;
				SWIFT_EMIT_LOC_STRINGS = NO;
				SWIFT_UPCOMING_FEATURE_MEMBER_IMPORT_VISIBILITY = YES;
				SWIFT_VERSION = 5.0;
				TEST_HOST = "$(BUILT_PRODUCTS_DIR)/HomeKit Automator.app/$(BUNDLE_EXECUTABLE_FOLDER_PATH)/HomeKit Automator";
			};
			name = Release;
		};
		3DC6BB5B2F51426000A187AC /* Debug */ = {
			isa = XCBuildConfiguration;
			buildSettings = {
				CODE_SIGN_STYLE = Automatic;
				CURRENT_PROJECT_VERSION = 1;
				DEVELOPMENT_TEAM = C8U3P6AJ6L;
				GENERATE_INFOPLIST_FILE = YES;
				MARKETING_VERSION = 1.0;
				PRODUCT_BUNDLE_IDENTIFIER = "dev.andernet.HomeKit-AutomatorUITests";
				PRODUCT_NAME = "$(TARGET_NAME)";
				STRING_CATALOG_GENERATE_SYMBOLS = NO;
				SWIFT_APPROACHABLE_CONCURRENCY = YES;
				SWIFT_EMIT_LOC_STRINGS = NO;
				SWIFT_UPCOMING_FEATURE_MEMBER_IMPORT_VISIBILITY = YES;
				SWIFT_VERSION = 5.0;
				TEST_TARGET_NAME = "HomeKit Automator";
			};
			name = Debug;
		};
		3DC6BB5C2F51426000A187AC /* Release */ = {
			isa = XCBuildConfiguration;
			buildSettings = {
				CODE_SIGN_STYLE = Automatic;
				CURRENT_PROJECT_VERSION = 1;
				DEVELOPMENT_TEAM = C8U3P6AJ6L;
				GENERATE_INFOPLIST_FILE = YES;
				MARKETING_VERSION = 1.0;
				PRODUCT_BUNDLE_IDENTIFIER = "dev.andernet.HomeKit-AutomatorUITests";
				PRODUCT_NAME = "$(TARGET_NAME)";
				STRING_CATALOG_GENERATE_SYMBOLS = NO;
				SWIFT_APPROACHABLE_CONCURRENCY = YES;
				SWIFT_EMIT_LOC_STRINGS = NO;
				SWIFT_UPCOMING_FEATURE_MEMBER_IMPORT_VISIBILITY = YES;
				SWIFT_VERSION = 5.0;
				TEST_TARGET_NAME = "HomeKit Automator";
			};
			name = Release;
		};
/* End XCBuildConfiguration section */

/* Begin XCConfigurationList section */
		3DC6BB2C2F51425F00A187AC /* Build configuration list for PBXProject "HomeKit Automator" */ = {
			isa = XCConfigurationList;
			buildConfigurations = (
				3DC6BB522F51426000A187AC /* Debug */,
				3DC6BB532F51426000A187AC /* Release */,
			);
			defaultConfigurationIsVisible = 0;
			defaultConfigurationName = Release;
		};
		3DC6BB542F51426000A187AC /* Build configuration list for PBXNativeTarget "HomeKit Automator" */ = {
			isa = XCConfigurationList;
			buildConfigurations = (
				3DC6BB552F51426000A187AC /* Debug */,
				3DC6BB562F51426000A187AC /* Release */,
			);
			defaultConfigurationIsVisible = 0;
			defaultConfigurationName = Release;
		};
		3DC6BB572F51426000A187AC /* Build configuration list for PBXNativeTarget "HomeKit AutomatorTests" */ = {
			isa = XCConfigurationList;
			buildConfigurations = (
				3DC6BB582F51426000A187AC /* Debug */,
				3DC6BB592F51426000A187AC /* Release */,
			);
			defaultConfigurationIsVisible = 0;
			defaultConfigurationName = Release;
		};
		3DC6BB5A2F51426000A187AC /* Build configuration list for PBXNativeTarget "HomeKit AutomatorUITests" */ = {
			isa = XCConfigurationList;
			buildConfigurations = (
				3DC6BB5B2F51426000A187AC /* Debug */,
				3DC6BB5C2F51426000A187AC /* Release */,
			);
			defaultConfigurationIsVisible = 0;
			defaultConfigurationName = Release;
		};
/* End XCConfigurationList section */
	};
	rootObject = 3DC6BB292F51425F00A187AC /* Project object */;
}
